
Microsoft Visual Studio Solution File, Format Version 12.00
# Visual Studio Version 16
VisualStudioVersion = 16.0.31424.327
MinimumVisualStudioVersion = 10.0.40219.1
Project("{9A19103F-16F7-4668-BE54-9A1E7A4F7556}") = "lab1-2", "lab1-2\lab1-2.csproj", "{87B8B4E4-93E4-46AA-A15E-843EFAA774CC}"
EndProject
Project("{FAE04EC0-301F-11D3-BF4B-00C04F79EFBC}") = "lab1-2Tests", "lab1-2Tests\lab1-2Tests.csproj", "{75B41AD6-490D-411B-9287-747F56BC7330}"
EndProject
Global
	GlobalSection(SolutionConfigurationPlatforms) = preSolution
		Debug|Any CPU = Debug|Any CPU
		Release|Any CPU = Release|Any CPU
	EndGlobalSection
	GlobalSection(ProjectConfigurationPlatforms) = postSolution
		{87B8B4E4-93E4-46AA-A15E-843EFAA774CC}.Debug|Any CPU.ActiveCfg = Debug|Any CPU
		{87B8B4E4-93E4-46AA-A15E-843EFAA774CC}.Debug|Any CPU.Build.0 = Debug|Any CPU
		{87B8B4E4-93E4-46AA-A15E-843EFAA774CC}.Release|Any CPU.ActiveCfg = Release|Any CPU
		{87B8B4E4-93E4-46AA-A15E-843EFAA774CC}.Release|Any CPU.Build.0 = Release|Any CPU
		{75B41AD6-490D-411B-9287-747F56BC7330}.Debug|Any CPU.ActiveCfg = Debug|Any CPU
		{75B41AD6-490D-411B-9287-747F56BC7330}.Debug|Any CPU.Build.0 = Debug|Any CPU
		{75B41AD6-490D-411B-9287-747F56BC7330}.Release|Any CPU.ActiveCfg = Release|Any CPU
		{75B41AD6-490D-411B-9287-747F56BC7330}.Release|Any CPU.Build.0 = Release|Any CPU
	EndGlobalSection
	GlobalSection(SolutionProperties) = preSolution
		HideSolutionNode = FALSE
	EndGlobalSection
	GlobalSection(ExtensibilityGlobals) = postSolution
		SolutionGuid = {F5964B8E-5CB6-4B5C-BF4F-A72BC3872DF1}
	EndGlobalSection
EndGlobal
